
Microsoft Visual Studio Solution File, Format Version 12.00
# Visual Studio 15
VisualStudioVersion = 15.0.27004.2005
MinimumVisualStudioVersion = 10.0.40219.1
Project("{FAE04EC0-301F-11D3-BF4B-00C04F79EFBC}") = "Semantics", "Semantics\Semantics.csproj", "{7DC7643F-5A6E-442F-B65F-BD67C3057B6E}"
EndProject
Global
	GlobalSection(SolutionConfigurationPlatforms) = preSolution
		Debug|Any CPU = Debug|Any CPU
		Release|Any CPU = Release|Any CPU
	EndGlobalSection
	GlobalSection(ProjectConfigurationPlatforms) = postSolution
		{7DC7643F-5A6E-442F-B65F-BD67C3057B6E}.Debug|Any CPU.ActiveCfg = Debug|Any CPU
		{7DC7643F-5A6E-442F-B65F-BD67C3057B6E}.Debug|Any CPU.Build.0 = Debug|Any CPU
		{7DC7643F-5A6E-442F-B65F-BD67C3057B6E}.Release|Any CPU.ActiveCfg = Release|Any CPU
		{7DC7643F-5A6E-442F-B65F-BD67C3057B6E}.Release|Any CPU.Build.0 = Release|Any CPU
	EndGlobalSection
	GlobalSection(SolutionProperties) = preSolution
		HideSolutionNode = FALSE
	EndGlobalSection
	GlobalSection(ExtensibilityGlobals) = postSolution
		SolutionGuid = {1A76DA28-3BB9-412B-B3C4-961E182F7A2F}
	EndGlobalSection
EndGlobal
