
Microsoft Visual Studio Solution File, Format Version 12.00
# Visual Studio 15
VisualStudioVersion = 15.0.27004.2005
MinimumVisualStudioVersion = 10.0.40219.1
Project("{FAE04EC0-301F-11D3-BF4B-00C04F79EFBC}") = "LinkedListTest", "LinkedListTest\LinkedListTest.csproj", "{8E35DC18-DE3B-4B91-B3DD-5348145C7440}"
EndProject
Global
	GlobalSection(SolutionConfigurationPlatforms) = preSolution
		Debug|Any CPU = Debug|Any CPU
		Release|Any CPU = Release|Any CPU
	EndGlobalSection
	GlobalSection(ProjectConfigurationPlatforms) = postSolution
		{8E35DC18-DE3B-4B91-B3DD-5348145C7440}.Debug|Any CPU.ActiveCfg = Debug|Any CPU
		{8E35DC18-DE3B-4B91-B3DD-5348145C7440}.Debug|Any CPU.Build.0 = Debug|Any CPU
		{8E35DC18-DE3B-4B91-B3DD-5348145C7440}.Release|Any CPU.ActiveCfg = Release|Any CPU
		{8E35DC18-DE3B-4B91-B3DD-5348145C7440}.Release|Any CPU.Build.0 = Release|Any CPU
	EndGlobalSection
	GlobalSection(SolutionProperties) = preSolution
		HideSolutionNode = FALSE
	EndGlobalSection
	GlobalSection(ExtensibilityGlobals) = postSolution
		SolutionGuid = {244EDE0D-BF95-415F-9C83-9CBA305754FC}
	EndGlobalSection
EndGlobal
